{
  "name": "@soulverse/ssw-sera",
  "version": "0.24.0",
  "lockfileVersion": 3,
  "requires": true,
  "packages": {
    "": {
      "name": "@soulverse/ssw-sera",
      "version": "0.24.0",
      "workspaces": [
        "packages/*",
        "services/*"
      ],
      "dependencies": {
        "ajv": "8.20.0",
        "ajv-formats": "3.0.1",
        "canonicalize": "5.1.0"
      },
      "devDependencies": {
        "@types/node": "^22.0.0",
        "@types/pg": "8.23.1",
        "json-schema-to-typescript": "16.0.0",
        "tsx": "4.23.13",
        "typescript": "^5.7.2"
      },
      "engines": {
        "node": ">=22"
      }
    },
    "node_modules/@apidevtools/json-schema-ref-parser": {
      "version": "11.9.3",
      "resolved": "https://registry.npmjs.org/@apidevtools/json-schema-ref-parser/-/json-schema-ref-parser-11.9.3.tgz",
      "integrity": "sha512-60vepv88RwcJtSHrD6MjIL6Ta3SOYbgfnkHb+ppAVK+o9mXprRtulx7VlRl3lN3bbvysAfCS7WMVfhUYemB0IQ==",
      "dev": true,
      "license": "MIT",
      "dependencies": {
        "@jsdevtools/ono": "^7.1.3",
        "@types/json-schema": "^7.0.15",
        "js-yaml": "^4.1.0"
      },
      "engines": {
        "node": ">= 16"
      },
      "funding": {
        "url": "https://github.com/sponsors/philsturgeon"
      }
    },
    "node_modules/@apidevtools/json-schema-ref-parser/node_modules/js-yaml": {
      "version": "4.3.2",
      "resolved": "https://registry.npmjs.org/js-yaml/-/js-yaml-4.3.2.tgz",
      "integrity": "sha512-SFNOvSJ+Dgf/9An904Yx+CgSlIPCkIpao4qo51lpee25TIRejdH3rhR4EZMGoNx3/TP3O+wzWuiTFl4sqbltzA==",
      "dev": true,
      "funding": [
        {
          "type": "github",
          "url": "https://github.com/sponsors/puzrin"
        },
        {
          "type": "github",
          "url": "https://github.com/sponsors/nodeca"
        }
      ],
      "license": "MIT",
      "dependencies": {
        "argparse": "^2.0.1"
      },
      "bin": {
        "js-yaml": "bin/js-yaml.js"
      }
    },
    "node_modules/@esbuild/aix-ppc64": {
      "version": "0.28.2",
      "resolved": "https://registry.npmjs.org/@esbuild/aix-ppc64/-/aix-ppc64-0.28.2.tgz",
      "integrity": "sha512-XExcO+dvLKvVtNTibSTBej1NCAbaGhWn9Ww1ZPx80qsahhPFe/8jgWP0IchNe0F3HwkU7n8ejhH8bjonqht8mQ==",
      "cpu": [
        "ppc64"
      ],
      "dev": true,
      "license": "MIT",
      "optional": true,
      "os": [
        "aix"
      ],
      "engines": {
        "node": ">=18"
      }
    },
    "node_modules/@esbuild/android-arm": {
      "version": "0.28.2",
      "resolved": "https://registry.npmjs.org/@esbuild/android-arm/-/android-arm-0.28.2.tgz",
      "integrity": "sha512-kXXoiPVVGQcnIYGOeaovwOURpniDBpSq4A03qkQ+BMQqtGG6HYap3xne9C1O1yo4TR3qxlCX5IqqmX6fFo2Lqg==",
      "cpu": [
        "arm"
      ],
      "dev": true,
      "license": "MIT",
      "optional": true,
      "os": [
        "android"
      ],
      "engines": {
        "node": ">=18"
      }
    },
    "node_modules/@esbuild/android-arm64": {
      "version": "0.28.2",
      "resolved": "https://registry.npmjs.org/@esbuild/android-arm64/-/android-arm64-0.28.2.tgz",
      "integrity": "sha512-5YfKeeI8qWfBZIX+u2xZC3Zlb3Os/gLS2sbEKM+I4ZOcsWmHS2WLysCcQZDAFRslDUU5Oiq44gf6PYN1vGwG5A==",
      "cpu": [
        "arm64"
      ],
      "dev": true,
      "license": "MIT",
      "optional": true,
      "os": [
        "android"
      ],
      "engines": {
        "node": ">=18"
      }
    },
    "node_modules/@esbuild/android-x64": {
      "version": "0.28.2",
      "resolved": "https://registry.npmjs.org/@esbuild/android-x64/-/android-x64-0.28.2.tgz",
      "integrity": "sha512-O387ite7SzUyCcy3JQX4P4bLtEA7bLLkx+esve5JHnyYfNTxcVpXZo9jhdB0lTKN44gztELTdU7nS8Nr16Fs1Q==",
      "cpu": [
        "x64"
      ],
      "dev": true,
      "license": "MIT",
      "optional": true,
      "os": [
        "android"
      ],
      "engines": {
        "node": ">=18"
      }
    },
    "node_modules/@esbuild/darwin-arm64": {
      "version": "0.28.2",
      "resolved": "https://registry.npmjs.org/@esbuild/darwin-arm64/-/darwin-arm64-0.28.2.tgz",
      "integrity": "sha512-n4KqkOQrraxHJcgjM1RvwbigfQKIKJVpM7xp+KsxiyUSrRdIXnt73VhrPAx0fV44hgfmIVKjxMN9J1t5jySVkw==",
      "cpu": [
        "arm64"
      ],
      "dev": true,
      "license": "MIT",
      "optional": true,
      "os": [
        "darwin"
      ],
      "engines": {
        "node": ">=18"
      }
    },
    "node_modules/@esbuild/darwin-x64": {
      "version": "0.28.2",
      "resolved": "https://registry.npmjs.org/@esbuild/darwin-x64/-/darwin-x64-0.28.2.tgz",
      "integrity": "sha512-uq6suIWYP37qzGddBKPw5QEQPi6HiLGsO7UmkpfyaYNQ3D+rN6w6WfwH+nuqcGXWvawGwxOEroO4YGnFh95azw==",
      "cpu": [
        "x64"
      ],
      "dev": true,
      "license": "MIT",
      "optional": true,
      "os": [
        "darwin"
      ],
      "engines": {
        "node": ">=18"
      }
    },
    "node_modules/@esbuild/freebsd-arm64": {
      "version": "0.28.2",
      "resolved": "https://registry.npmjs.org/@esbuild/freebsd-arm64/-/freebsd-arm64-0.28.2.tgz",
      "integrity": "sha512-n+I0BTSRIoy+d6RPKnEVwql5UwBJolytvY4mAOIEJorKlqgPII8ix6slVVrfZ5Tnj7glIZvloylbB/EJPMWEXw==",
      "cpu": [
        "arm64"
      ],
      "dev": true,
      "license": "MIT",
      "optional": true,
      "os": [
        "freebsd"
      ],
      "engines": {
        "node": ">=18"
      }
    },
    "node_modules/@esbuild/freebsd-x64": {
      "version": "0.28.2",
      "resolved": "https://registry.npmjs.org/@esbuild/freebsd-x64/-/freebsd-x64-0.28.2.tgz",
      "integrity": "sha512-78XJTJkvPs0kz2w61301PJjXl4g7q3JqiYMZ/M/yVI73EHBrCRTgkhu9oqG7vPqq+a/yadEW8aD+agKlk5xrmg==",
      "cpu": [
        "x64"
      ],
      "dev": true,
      "license": "MIT",
      "optional": true,
      "os": [
        "freebsd"
      ],
      "engines": {
        "node": ">=18"
      }
    },
    "node_modules/@esbuild/linux-arm": {
      "version": "0.28.2",
      "resolved": "https://registry.npmjs.org/@esbuild/linux-arm/-/linux-arm-0.28.2.tgz",
      "integrity": "sha512-XlDnu2q5yoqems+xay6wSAcg9DDD7K9RLKZEBOMZm3ckNpJBvOX20tSfby8KfrrhINDyv9V2YVZKY/SpoGJI8w==",
      "cpu": [
        "arm"
      ],
      "dev": true,
      "license": "MIT",
      "optional": true,
      "os": [
        "linux"
      ],
      "engines": {
        "node": ">=18"
      }
    },
    "node_modules/@esbuild/linux-arm64": {
      "version": "0.28.2",
      "resolved": "https://registry.npmjs.org/@esbuild/linux-arm64/-/linux-arm64-0.28.2.tgz",
      "integrity": "sha512-pW4AC0P3it8c7do9MVM4p51FzHzdM/TZrerurgRcHJ2WTa1VQ1CIq18xncfpBJw4ojkiZZrKW2yIBWBP92j6Ug==",
      "cpu": [
        "arm64"
      ],
      "dev": true,
      "license": "MIT",
      "optional": true,
      "os": [
        "linux"
      ],
      "engines": {
        "node": ">=18"
      }
    },
    "node_modules/@esbuild/linux-ia32": {
      "version": "0.28.2",
      "resolved": "https://registry.npmjs.org/@esbuild/linux-ia32/-/linux-ia32-0.28.2.tgz",
      "integrity": "sha512-CYbnj78HsIeA+DhgUKgFCfvNsTHFhMMrinUrMZpDXJXKN8T3XViTZ/+wtHeVxEWY8ewSzTFN+nRmSwO2tZaLUQ==",
      "cpu": [
        "ia32"
      ],
      "dev": true,
      "license": "MIT",
      "optional": true,
      "os": [
        "linux"
      ],
      "engines": {
        "node": ">=18"
      }
    },
    "node_modules/@esbuild/linux-loong64": {
      "version": "0.28.2",
      "resolved": "https://registry.npmjs.org/@esbuild/linux-loong64/-/linux-loong64-0.28.2.tgz",
      "integrity": "sha512-buwkd8nsph4R+ajRvw0qM5Hja/TXQow3ptzWO2EbG/cqcIkHloRrdlBtQlshyYGTNFvfkfJ5tpPLVkY4DtsPfQ==",
      "cpu": [
        "loong64"
      ],
      "dev": true,
      "license": "MIT",
      "optional": true,
      "os": [
        "linux"
      ],
      "engines": {
        "node": ">=18"
      }
    },
    "node_modules/@esbuild/linux-mips64el": {
      "version": "0.28.2",
      "resolved": "https://registry.npmjs.org/@esbuild/linux-mips64el/-/linux-mips64el-0.28.2.tgz",
      "integrity": "sha512-ZVykbDyk7519VwiNb9Lcj9m8XM6v5V9uKPvrEMkkEedVewf+0itkhahp4HDpgERXhwLRpWFypsGbG/J8s0QjJA==",
      "cpu": [
        "mips64el"
      ],
      "dev": true,
      "license": "MIT",
      "optional": true,
      "os": [
        "linux"
      ],
      "engines": {
        "node": ">=18"
      }
    },
    "node_modules/@esbuild/linux-ppc64": {
      "version": "0.28.2",
      "resolved": "https://registry.npmjs.org/@esbuild/linux-ppc64/-/linux-ppc64-0.28.2.tgz",
      "integrity": "sha512-CAXl+Dtd9UUuJd8pKKdwh6MLm3MUMiqMPmhZ3tTSXPqfyQ3vDl6R5hZdZ/kYojK4ofXtdfSv1tFq8XzWx3heNQ==",
      "cpu": [
        "ppc64"
      ],
      "dev": true,
      "license": "MIT",
      "optional": true,
      "os": [
        "linux"
      ],
      "engines": {
        "node": ">=18"
      }
    },
    "node_modules/@esbuild/linux-riscv64": {
      "version": "0.28.2",
      "resolved": "https://registry.npmjs.org/@esbuild/linux-riscv64/-/linux-riscv64-0.28.2.tgz",
      "integrity": "sha512-GeXCej4IQtU1B+QlDV8W/RRvbzI3O/Stss+/bCXv4lZls5WGRtu2a+3JkA3i4qIUlMXpcHebWpF8AkJhATowuA==",
      "cpu": [
        "riscv64"
      ],
      "dev": true,
      "license": "MIT",
      "optional": true,
      "os": [
        "linux"
      ],
      "engines": {
        "node": ">=18"
      }
    },
    "node_modules/@esbuild/linux-s390x": {
      "version": "0.28.2",
      "resolved": "https://registry.npmjs.org/@esbuild/linux-s390x/-/linux-s390x-0.28.2.tgz",
      "integrity": "sha512-3H1weTYZPxt/WOhByszQZybS9w5lKzUn1FDMsgEChbHWQwHYQQRfBxgCcZvPhjHfKyJjIievvMmEUawJrdY9Dg==",
      "cpu": [
        "s390x"
      ],
      "dev": true,
      "license": "MIT",
      "optional": true,
      "os": [
        "linux"
      ],
      "engines": {
        "node": ">=18"
      }
    },
    "node_modules/@esbuild/linux-x64": {
      "version": "0.28.2",
      "resolved": "https://registry.npmjs.org/@esbuild/linux-x64/-/linux-x64-0.28.2.tgz",
      "integrity": "sha512-4xTZr1FUmSoQW4XIWmit3tzQrUTZM+N3P0XV8xROKYF50XfI7xeO90+1bZvNwxIufQ9hDQVRJH5YhgPVF8A/HQ==",
      "cpu": [
        "x64"
      ],
      "dev": true,
      "license": "MIT",
      "optional": true,
      "os": [
        "linux"
      ],
      "engines": {
        "node": ">=18"
      }
    },
    "node_modules/@esbuild/netbsd-arm64": {
      "version": "0.28.2",
      "resolved": "https://registry.npmjs.org/@esbuild/netbsd-arm64/-/netbsd-arm64-0.28.2.tgz",
      "integrity": "sha512-sSATRjPeDBg3pdgHoQfoYBob11Kk1FGa9lui5RIHZCoCkJa9QKlvl3/vKz2usCmYYjs7ymJR/2Nnsqe+Hjt5nw==",
      "cpu": [
        "arm64"
      ],
      "dev": true,
      "license": "MIT",
      "optional": true,
      "os": [
        "netbsd"
      ],
      "engines": {
        "node": ">=18"
      }
    },
    "node_modules/@esbuild/netbsd-x64": {
      "version": "0.28.2",
      "resolved": "https://registry.npmjs.org/@esbuild/netbsd-x64/-/netbsd-x64-0.28.2.tgz",
      "integrity": "sha512-lqnzCV+mM0gIADaKihiCg6ifgfU2L3h5E33rNQBN1Y4MaVGnzryzmvvf7UHxprpQdE8hpqLolJ9Rl+SkIRDpyw==",
      "cpu": [
        "x64"
      ],
      "dev": true,
      "license": "MIT",
      "optional": true,
      "os": [
        "netbsd"
      ],
      "engines": {
        "node": ">=18"
      }
    },
    "node_modules/@esbuild/openbsd-arm64": {
      "version": "0.28.2",
      "resolved": "https://registry.npmjs.org/@esbuild/openbsd-arm64/-/openbsd-arm64-0.28.2.tgz",
      "integrity": "sha512-AL2qJILH7lNjrDmCQDvdxMfAUIv8KMNZOvrwAQ8i8//ntL9FflhOyMJ8OZSMBb8/AWXe3/5v5S20y3zCoZWKoQ==",
      "cpu": [
        "arm64"
      ],
      "dev": true,
      "license": "MIT",
      "optional": true,
      "os": [
        "openbsd"
      ],
      "engines": {
        "node": ">=18"
      }
    },
    "node_modules/@esbuild/openbsd-x64": {
      "version": "0.28.2",
      "resolved": "https://registry.npmjs.org/@esbuild/openbsd-x64/-/openbsd-x64-0.28.2.tgz",
      "integrity": "sha512-QtiuPytchRyC4rwUKhexJdQKvDuZ6hWloi3igqPQNUJCS1/v9EiO3UTOXR6A3FoMo4fnAKbWJdqaIwhOzh8qEw==",
      "cpu": [
        "x64"
      ],
      "dev": true,
      "license": "MIT",
      "optional": true,
      "os": [
        "openbsd"
      ],
      "engines": {
        "node": ">=18"
      }
    },
    "node_modules/@esbuild/openharmony-arm64": {
      "version": "0.28.2",
      "resolved": "https://registry.npmjs.org/@esbuild/openharmony-arm64/-/openharmony-arm64-0.28.2.tgz",
      "integrity": "sha512-WkhYDmpTjLvGlScA1rwjRUmhl4k8oXR3cIbtqWmELgU/dFeHHlEllxDvdWcNJV9rbzCexB5vz8gtNewWLgCT7Q==",
      "cpu": [
        "arm64"
      ],
      "dev": true,
      "license": "MIT",
      "optional": true,
      "os": [
        "openharmony"
      ],
      "engines": {
        "node": ">=18"
      }
    },
    "node_modules/@esbuild/sunos-x64": {
      "version": "0.28.2",
      "resolved": "https://registry.npmjs.org/@esbuild/sunos-x64/-/sunos-x64-0.28.2.tgz",
      "integrity": "sha512-GPMSkTOtMnv2U2F8gxe4Io6qmVs+YKyp832Etqqxr0hFngmXQ3rzwytelm3GIn7T4VviRUlf3sOgBOiTdvaf7g==",
      "cpu": [
        "x64"
      ],
      "dev": true,
      "license": "MIT",
      "optional": true,
      "os": [
        "sunos"
      ],
      "engines": {
        "node": ">=18"
      }
    },
    "node_modules/@esbuild/win32-arm64": {
      "version": "0.28.2",
      "resolved": "https://registry.npmjs.org/@esbuild/win32-arm64/-/win32-arm64-0.28.2.tgz",
      "integrity": "sha512-PIhhEkE9uPBleRBrQEJpUn7MBnibZzbGzYWPmY3x+YoVg/95zbjB4CxPPOQ8l5tYYM4mMaCthF8/1DIfBQQyWQ==",
      "cpu": [
        "arm64"
      ],
      "dev": true,
      "license": "MIT",
      "optional": true,
      "os": [
        "win32"
      ],
      "engines": {
        "node": ">=18"
      }
    },
    "node_modules/@esbuild/win32-ia32": {
      "version": "0.28.2",
      "resolved": "https://registry.npmjs.org/@esbuild/win32-ia32/-/win32-ia32-0.28.2.tgz",
      "integrity": "sha512-YmJbfTlvU7Sdn9BB+4PRES4oB6pxgS37MAONj+hBr/cpXS1aBPKXxNnDbu+QCWPj0o9dgyxeq79g6c5P8KeuYA==",
      "cpu": [
        "ia32"
      ],
      "dev": true,
      "license": "MIT",
      "optional": true,
      "os": [
        "win32"
      ],
      "engines": {
        "node": ">=18"
      }
    },
    "node_modules/@esbuild/win32-x64": {
      "version": "0.28.2",
      "resolved": "https://registry.npmjs.org/@esbuild/win32-x64/-/win32-x64-0.28.2.tgz",
      "integrity": "sha512-5ebpxr3nWMzrL/rnUI755Jkuee0bHL/Gq0WTF9lvcpv73wAp5eu8MfBUgWK9bhWvZjj7yX8etf/8tI8Ney695g==",
      "cpu": [
        "x64"
      ],
      "dev": true,
      "license": "MIT",
      "optional": true,
      "os": [
        "win32"
      ],
      "engines": {
        "node": ">=18"
      }
    },
    "node_modules/@jsdevtools/ono": {
      "version": "7.1.3",
      "resolved": "https://registry.npmjs.org/@jsdevtools/ono/-/ono-7.1.3.tgz",
      "integrity": "sha512-4JQNk+3mVzK3xh2rqd6RB4J46qUR19azEHBneZyTZM+c456qOrbbM/5xcR8huNCCcbVt7+UmizG6GuUvPvKUYg==",
      "dev": true,
      "license": "MIT"
    },
    "node_modules/@soulverse/action-contract-builder": {
      "resolved": "packages/action-contract-builder",
      "link": true
    },
    "node_modules/@soulverse/approval-runtime": {
      "resolved": "packages/approval-runtime",
      "link": true
    },
    "node_modules/@soulverse/canonicalization": {
      "resolved": "packages/canonicalization",
      "link": true
    },
    "node_modules/@soulverse/control-service-client": {
      "resolved": "packages/control-service-client",
      "link": true
    },
    "node_modules/@soulverse/contracts": {
      "resolved": "packages/contracts",
      "link": true
    },
    "node_modules/@soulverse/control-decisions": {
      "resolved": "packages/control-decisions",
      "link": true
    },
    "node_modules/@soulverse/control-path-runtime": {
      "resolved": "packages/control-path-runtime",
      "link": true
    },
    "node_modules/@soulverse/counterparty-resolver": {
      "resolved": "packages/counterparty-resolver",
      "link": true
    },
    "node_modules/@soulverse/dmcl": {
      "resolved": "packages/dmcl",
      "link": true
    },
    "node_modules/@soulverse/evidence-client": {
      "resolved": "packages/evidence-client",
      "link": true
    },
    "node_modules/@soulverse/evm-production-adapter": {
      "resolved": "packages/evm-production-adapter",
      "link": true
    },
    "node_modules/@soulverse/execution-router": {
      "resolved": "packages/execution-router",
      "link": true
    },
    "node_modules/@soulverse/identifiers": {
      "resolved": "packages/identifiers",
      "link": true
    },
    "node_modules/@soulverse/mandate-runtime": {
      "resolved": "packages/mandate-runtime",
      "link": true
    },
    "node_modules/@soulverse/persistence-postgres": {
      "resolved": "packages/persistence-postgres",
      "link": true
    },
    "node_modules/@soulverse/portable-key-client": {
      "resolved": "packages/portable-key-client",
      "link": true
    },
    "node_modules/@soulverse/policy-evaluator": {
      "resolved": "packages/policy-evaluator",
      "link": true
    },
    "node_modules/@soulverse/release-evidence": {
      "resolved": "packages/release-evidence",
      "link": true
    },
    "node_modules/@soulverse/recovery-runtime": {
      "resolved": "packages/recovery-runtime",
      "link": true
    },
    "node_modules/@soulverse/rev-adapter": {
      "resolved": "packages/rev-adapter",
      "link": true
    },
    "node_modules/@soulverse/runtime-assurance": {
      "resolved": "packages/runtime-assurance",
      "link": true
    },
    "node_modules/@soulverse/sael-postgres": {
      "resolved": "packages/sael-postgres",
      "link": true
    },
    "node_modules/@soulverse/sael-runtime": {
      "resolved": "packages/sael-runtime",
      "link": true
    },
    "node_modules/@soulverse/schema-validation": {
      "resolved": "packages/schema-validation",
      "link": true
    },
    "node_modules/@soulverse/security-harness": {
      "resolved": "packages/security-harness",
      "link": true
    },
    "node_modules/@soulverse/service-approval": {
      "resolved": "services/approval",
      "link": true
    },
    "node_modules/@soulverse/service-authority": {
      "resolved": "services/authority",
      "link": true
    },
    "node_modules/@soulverse/service-context": {
      "resolved": "services/context",
      "link": true
    },
    "node_modules/@soulverse/service-counterparty": {
      "resolved": "services/counterparty",
      "link": true
    },
    "node_modules/@soulverse/service-device": {
      "resolved": "services/device",
      "link": true
    },
    "node_modules/@soulverse/service-execution": {
      "resolved": "services/execution",
      "link": true
    },
    "node_modules/@soulverse/sera-orchestrator-runtime": {
      "resolved": "packages/sera-orchestrator-runtime",
      "link": true
    },
    "node_modules/@soulverse/service-host": {
      "resolved": "packages/service-host",
      "link": true
    },
    "node_modules/@soulverse/service-mandate": {
      "resolved": "services/mandate",
      "link": true
    },
    "node_modules/@soulverse/service-orchestrator": {
      "resolved": "services/orchestrator",
      "link": true
    },
    "node_modules/@soulverse/service-policy": {
      "resolved": "services/policy",
      "link": true
    },
    "node_modules/@soulverse/service-recovery": {
      "resolved": "services/recovery",
      "link": true
    },
    "node_modules/@soulverse/service-rev": {
      "resolved": "services/rev",
      "link": true
    },
    "node_modules/@soulverse/service-risk": {
      "resolved": "services/risk",
      "link": true
    },
    "node_modules/@soulverse/service-runtime": {
      "resolved": "services/runtime",
      "link": true
    },
    "node_modules/@soulverse/service-sael": {
      "resolved": "services/sael",
      "link": true
    },
    "node_modules/@soulverse/service-signing": {
      "resolved": "services/signing",
      "link": true
    },
    "node_modules/@soulverse/service-trust": {
      "resolved": "services/trust",
      "link": true
    },
    "node_modules/@soulverse/signer-runtime": {
      "resolved": "packages/signer-runtime",
      "link": true
    },
    "node_modules/@soulverse/signing-gateway": {
      "resolved": "packages/signing-gateway",
      "link": true
    },
    "node_modules/@soulverse/trust-adapter": {
      "resolved": "packages/trust-adapter",
      "link": true
    },
    "node_modules/@soulverse/typed-errors": {
      "resolved": "packages/typed-errors",
      "link": true
    },
    "node_modules/@types/json-schema": {
      "version": "7.0.15",
      "resolved": "https://registry.npmjs.org/@types/json-schema/-/json-schema-7.0.15.tgz",
      "integrity": "sha512-5+fP8P8MFNC+AyZCDxrB2pkZFPGzqQWUzpSeuuVLvm8VMcorNYavBqoFcxK8bQz4Qsbn4oUEEem4wDLfcysGHA==",
      "dev": true,
      "license": "MIT"
    },
    "node_modules/@types/lodash": {
      "version": "4.17.25",
      "resolved": "https://registry.npmjs.org/@types/lodash/-/lodash-4.17.25.tgz",
      "integrity": "sha512-+K1NIO8I+F9/wNulfVvu23QYd0Pe9/OCqRrim4NoYIf1VoEDL90Ve4ClzpyqBLc7NpGGWRvYNCKZ1BE/Jpf8dQ==",
      "dev": true,
      "license": "MIT"
    },
    "node_modules/@types/node": {
      "version": "22.20.4",
      "resolved": "https://registry.npmjs.org/@types/node/-/node-22.20.4.tgz",
      "integrity": "sha512-zJRE40jpHtKqE/C4fgHrAKQLJuSpzEnP9ff9Y7YtoR3Wd2pwqzlekDeEuUQXjRd+QCYnVnNwuJYmhdk9XV8gvA==",
      "dev": true,
      "license": "MIT",
      "dependencies": {
        "undici-types": "~6.21.0"
      }
    },
    "node_modules/@types/pg": {
      "version": "8.23.1",
      "resolved": "https://registry.npmjs.org/@types/pg/-/pg-8.23.1.tgz",
      "integrity": "sha512-fKVHpikPdg4GKks3JuLEhvwSyvwzF23hnabPy6DD8ljVbC7+6J5dQzdv4arV6jqq57djnMgs1HKBxX4P8aBI3A==",
      "dev": true,
      "license": "MIT",
      "dependencies": {
        "@types/node": "*",
        "pg-protocol": "*",
        "pg-types": "^2.2.0"
      }
    },
    "node_modules/ajv": {
      "version": "8.20.0",
      "resolved": "https://registry.npmjs.org/ajv/-/ajv-8.20.0.tgz",
      "integrity": "sha512-Thbli+OlOj+iMPYFBVBfJ3OmCAnaSyNn4M1vz9T6Gka5Jt9ba/HIR56joy65tY6kx/FCF5VXNB819Y7/GUrBGA==",
      "license": "MIT",
      "dependencies": {
        "fast-deep-equal": "^3.1.3",
        "fast-uri": "^3.0.1",
        "json-schema-traverse": "^1.0.0",
        "require-from-string": "^2.0.2"
      },
      "funding": {
        "type": "github",
        "url": "https://github.com/sponsors/epoberezkin"
      }
    },
    "node_modules/ajv-formats": {
      "version": "3.0.1",
      "resolved": "https://registry.npmjs.org/ajv-formats/-/ajv-formats-3.0.1.tgz",
      "integrity": "sha512-8iUql50EUR+uUcdRQ3HDqa6EVyo3docL8g5WJ3FNcWmu62IbkGUue/pEyLBW8VGKKucTPgqeks4fIU1DA4yowQ==",
      "license": "MIT",
      "dependencies": {
        "ajv": "^8.0.0"
      },
      "peerDependencies": {
        "ajv": "^8.0.0"
      },
      "peerDependenciesMeta": {
        "ajv": {
          "optional": true
        }
      }
    },
    "node_modules/argparse": {
      "version": "2.0.1",
      "resolved": "https://registry.npmjs.org/argparse/-/argparse-2.0.1.tgz",
      "integrity": "sha512-8+9WqebbFzpX9OR+Wa6O29asIogeRMzcGtAINdpMHHyAg10f05aSFVBbcEqGf/PXw1EjAZ+q2/bEBg3DvurK3Q==",
      "dev": true,
      "license": "Python-2.0"
    },
    "node_modules/canonicalize": {
      "version": "5.1.0",
      "resolved": "https://registry.npmjs.org/canonicalize/-/canonicalize-5.1.0.tgz",
      "integrity": "sha512-bab9+WefZljqQ8jT0qRwVmTyzAUU63K97QIQD3agynIBrb6sa5M2eAy8Hv8K3p4V9+ONVYZKtGYl4Dg+/5Gumw==",
      "license": "Apache-2.0",
      "bin": {
        "canonicalize": "bin/canonicalize.js"
      },
      "engines": {
        "node": ">=22"
      }
    },
    "node_modules/esbuild": {
      "version": "0.28.2",
      "resolved": "https://registry.npmjs.org/esbuild/-/esbuild-0.28.2.tgz",
      "integrity": "sha512-HKVLS8dvII+xoKW9kmqxbRKrnWEXfJJr/FZhhJmiqIB0e053QNYFqOBouTMO/k5sID4MvCiUCvv8b9M4h32wIA==",
      "dev": true,
      "hasInstallScript": true,
      "license": "MIT",
      "bin": {
        "esbuild": "bin/esbuild"
      },
      "engines": {
        "node": ">=18"
      },
      "optionalDependencies": {
        "@esbuild/aix-ppc64": "0.28.2",
        "@esbuild/android-arm": "0.28.2",
        "@esbuild/android-arm64": "0.28.2",
        "@esbuild/android-x64": "0.28.2",
        "@esbuild/darwin-arm64": "0.28.2",
        "@esbuild/darwin-x64": "0.28.2",
        "@esbuild/freebsd-arm64": "0.28.2",
        "@esbuild/freebsd-x64": "0.28.2",
        "@esbuild/linux-arm": "0.28.2",
        "@esbuild/linux-arm64": "0.28.2",
        "@esbuild/linux-ia32": "0.28.2",
        "@esbuild/linux-loong64": "0.28.2",
        "@esbuild/linux-mips64el": "0.28.2",
        "@esbuild/linux-ppc64": "0.28.2",
        "@esbuild/linux-riscv64": "0.28.2",
        "@esbuild/linux-s390x": "0.28.2",
        "@esbuild/linux-x64": "0.28.2",
        "@esbuild/netbsd-arm64": "0.28.2",
        "@esbuild/netbsd-x64": "0.28.2",
        "@esbuild/openbsd-arm64": "0.28.2",
        "@esbuild/openbsd-x64": "0.28.2",
        "@esbuild/openharmony-arm64": "0.28.2",
        "@esbuild/sunos-x64": "0.28.2",
        "@esbuild/win32-arm64": "0.28.2",
        "@esbuild/win32-ia32": "0.28.2",
        "@esbuild/win32-x64": "0.28.2"
      }
    },
    "node_modules/fast-deep-equal": {
      "version": "3.1.3",
      "resolved": "https://registry.npmjs.org/fast-deep-equal/-/fast-deep-equal-3.1.3.tgz",
      "integrity": "sha512-f3qQ9oQy9j2AhBe/H9VC91wLmKBCCU/gDOnKNAYG5hswO7BLKj09Hc5HYNz9cGI++xlpDCIgDaitVs03ATR84Q==",
      "license": "MIT"
    },
    "node_modules/fast-uri": {
      "version": "3.1.8",
      "resolved": "https://registry.npmjs.org/fast-uri/-/fast-uri-3.1.8.tgz",
      "integrity": "sha512-GZMtZUTNRpOVIECoXwLNZS5xUGE+mVNbTB8h/7Rwh2TFWcBQiPzTgyZi05BF9UMZKkLJv8XBRJTlU7zg8+ZfMg==",
      "funding": [
        {
          "type": "github",
          "url": "https://github.com/sponsors/fastify"
        },
        {
          "type": "opencollective",
          "url": "https://opencollective.com/fastify"
        }
      ],
      "license": "BSD-3-Clause"
    },
    "node_modules/fdir": {
      "version": "6.5.0",
      "resolved": "https://registry.npmjs.org/fdir/-/fdir-6.5.0.tgz",
      "integrity": "sha512-tIbYtZbucOs0BRGqPJkshJUYdL+SDH7dVM8gjy+ERp3WAUjLEFJE+02kanyHtwjWOnwrKYBiwAmM0p4kLJAnXg==",
      "dev": true,
      "license": "MIT",
      "engines": {
        "node": ">=12.0.0"
      },
      "peerDependencies": {
        "picomatch": "^3 || ^4"
      },
      "peerDependenciesMeta": {
        "picomatch": {
          "optional": true
        }
      }
    },
    "node_modules/fsevents": {
      "version": "2.3.3",
      "resolved": "https://registry.npmjs.org/fsevents/-/fsevents-2.3.3.tgz",
      "integrity": "sha512-5xoDfX+fL7faATnagmWPpbFtwh/R77WmMMqqHGS65C3vvB0YHrgF+B1YmZ3441tMj5n63k0212XNoJwzlhffQw==",
      "dev": true,
      "hasInstallScript": true,
      "license": "MIT",
      "optional": true,
      "os": [
        "darwin"
      ],
      "engines": {
        "node": "^8.16.0 || ^10.6.0 || >=11.0.0"
      }
    },
    "node_modules/js-yaml": {
      "version": "5.4.2",
      "resolved": "https://registry.npmjs.org/js-yaml/-/js-yaml-5.4.2.tgz",
      "integrity": "sha512-m+aqu+LwO1O6sIopafj8HUVl5aawITwZQe/yHpMCKjaWBaA/d07B/QdMb3529REftiU+RMMHL3Vlsw3hON7vWg==",
      "dev": true,
      "funding": [
        {
          "type": "github",
          "url": "https://github.com/sponsors/puzrin"
        },
        {
          "type": "github",
          "url": "https://github.com/sponsors/nodeca"
        }
      ],
      "license": "MIT",
      "dependencies": {
        "argparse": "^2.0.1"
      },
      "bin": {
        "js-yaml": "bin/js-yaml.mjs"
      }
    },
    "node_modules/json-schema-to-typescript": {
      "version": "16.0.0",
      "resolved": "https://registry.npmjs.org/json-schema-to-typescript/-/json-schema-to-typescript-16.0.0.tgz",
      "integrity": "sha512-Ah6kK4q6SjlMzWBH1eNOQkdRh5Qhr5T/RCFwfjQqWZA7UDW+N47A8wfyoiN0L884s4L4bAEI54IjIuN3/u0B/A==",
      "dev": true,
      "license": "MIT",
      "dependencies": {
        "@apidevtools/json-schema-ref-parser": "^11.9.3",
        "@types/json-schema": "^7.0.15",
        "@types/lodash": "^4.17.25",
        "js-yaml": "^5.2.3",
        "lodash": "^4.18.1",
        "minimist": "^1.2.8",
        "prettier": "^3.9.6",
        "tinyglobby": "^0.2.17"
      },
      "bin": {
        "json2ts": "dist/src/cli.js"
      },
      "engines": {
        "node": ">=16.0.0"
      }
    },
    "node_modules/json-schema-traverse": {
      "version": "1.0.0",
      "resolved": "https://registry.npmjs.org/json-schema-traverse/-/json-schema-traverse-1.0.0.tgz",
      "integrity": "sha512-NM8/P9n3XjXhIZn1lLhkFaACTOURQXjWhV4BA/RnOv8xvgqtqpAX9IO4mRQxSx1Rlo4tqzeqb0sOlruaOy3dug==",
      "license": "MIT"
    },
    "node_modules/lodash": {
      "version": "4.18.1",
      "resolved": "https://registry.npmjs.org/lodash/-/lodash-4.18.1.tgz",
      "integrity": "sha512-dMInicTPVE8d1e5otfwmmjlxkZoUpiVLwyeTdUsi/Caj/gfzzblBcCE5sRHV/AsjuCmxWrte2TNGSYuCeCq+0Q==",
      "dev": true,
      "license": "MIT"
    },
    "node_modules/minimist": {
      "version": "1.2.8",
      "resolved": "https://registry.npmjs.org/minimist/-/minimist-1.2.8.tgz",
      "integrity": "sha512-2yyAR8qBkN3YuheJanUpWC5U3bb5osDywNB8RzDVlDwDHbocAJveqqj1u8+SVD7jkWT4yvsHCpWqqWqAxb0zCA==",
      "dev": true,
      "license": "MIT",
      "funding": {
        "url": "https://github.com/sponsors/ljharb"
      }
    },
    "node_modules/pg": {
      "version": "8.23.0",
      "resolved": "https://registry.npmjs.org/pg/-/pg-8.23.0.tgz",
      "integrity": "sha512-Ip2EQCngowJLGOfCwkFhPXU7/ljlhn6Rxlmy4XYfL2Y+vyRM59+8uR2xqRWKdYmbXmxCFOAmKxBuSUCdF34qLg==",
      "license": "MIT",
      "dependencies": {
        "pg-connection-string": "^2.14.0",
        "pg-pool": "^3.14.0",
        "pg-protocol": "^1.16.0",
        "pg-types": "2.2.0",
        "pgpass": "1.0.5"
      },
      "engines": {
        "node": ">= 16.0.0"
      },
      "optionalDependencies": {
        "pg-cloudflare": "^1.4.0"
      },
      "peerDependencies": {
        "pg-native": ">=3.0.1"
      },
      "peerDependenciesMeta": {
        "pg-native": {
          "optional": true
        }
      }
    },
    "node_modules/pg-cloudflare": {
      "version": "1.4.0",
      "resolved": "https://registry.npmjs.org/pg-cloudflare/-/pg-cloudflare-1.4.0.tgz",
      "integrity": "sha512-Vo7z/6rrQYxpNRylp4Tlob2elzbh+N/MOQbxFVWCxS7oEx6jF53GTJFxK2WWpKuBRkmiin4Mt+xofFDjx09R0A==",
      "license": "MIT",
      "optional": true
    },
    "node_modules/pg-connection-string": {
      "version": "2.14.0",
      "resolved": "https://registry.npmjs.org/pg-connection-string/-/pg-connection-string-2.14.0.tgz",
      "integrity": "sha512-XwWDGcLRGCXAR8F/AM5bG7Q+A3Wm2s6QeEjlOKZLlH3UYcguiqCWKyWXVag5TLTIjR7oOJUY8kcADaZgWPyLeg==",
      "license": "MIT"
    },
    "node_modules/pg-int8": {
      "version": "1.0.1",
      "resolved": "https://registry.npmjs.org/pg-int8/-/pg-int8-1.0.1.tgz",
      "integrity": "sha512-WCtabS6t3c8SkpDBUlb1kjOs7l66xsGdKpIPZsg4wR+B3+u9UAum2odSsF9tnvxg80h4ZxLWMy4pRjOsFIqQpw==",
      "license": "ISC",
      "engines": {
        "node": ">=4.0.0"
      }
    },
    "node_modules/pg-pool": {
      "version": "3.14.0",
      "resolved": "https://registry.npmjs.org/pg-pool/-/pg-pool-3.14.0.tgz",
      "integrity": "sha512-gKtPkFdQPU3DksooVLi9LsjZxrsBUZIpa+7aVx+LV5pNh0KzP4Zleud2po+ConrxbuXGBJ6Hfer6hdgpIBpBaw==",
      "license": "MIT",
      "peerDependencies": {
        "pg": ">=8.0"
      }
    },
    "node_modules/pg-protocol": {
      "version": "1.16.0",
      "resolved": "https://registry.npmjs.org/pg-protocol/-/pg-protocol-1.16.0.tgz",
      "integrity": "sha512-sILXutLVjCLjcDuOmvhX5e2Z4cS5qG/6Bu3VkpFwdf/633ElGLpEh9bgmuI5I4sqKqkifQiGyiCcx1HdtrK7tg==",
      "license": "MIT"
    },
    "node_modules/pg-types": {
      "version": "2.2.0",
      "resolved": "https://registry.npmjs.org/pg-types/-/pg-types-2.2.0.tgz",
      "integrity": "sha512-qTAAlrEsl8s4OiEQY69wDvcMIdQN6wdz5ojQiOy6YRMuynxenON0O5oCpJI6lshc6scgAY8qvJ2On/p+CXY0GA==",
      "license": "MIT",
      "dependencies": {
        "pg-int8": "1.0.1",
        "postgres-array": "~2.0.0",
        "postgres-bytea": "~1.0.0",
        "postgres-date": "~1.0.4",
        "postgres-interval": "^1.1.0"
      },
      "engines": {
        "node": ">=4"
      }
    },
    "node_modules/pgpass": {
      "version": "1.0.5",
      "resolved": "https://registry.npmjs.org/pgpass/-/pgpass-1.0.5.tgz",
      "integrity": "sha512-FdW9r/jQZhSeohs1Z3sI1yxFQNFvMcnmfuj4WBMUTxOrAyLMaTcE1aAMBiTlbMNaXvBCQuVi0R7hd8udDSP7ug==",
      "license": "MIT",
      "dependencies": {
        "split2": "^4.1.0"
      }
    },
    "node_modules/picomatch": {
      "version": "4.0.7",
      "resolved": "https://registry.npmjs.org/picomatch/-/picomatch-4.0.7.tgz",
      "integrity": "sha512-qcJu88Q2IWqJsDD529JKMdwGm/dvInW4HvQnRwiH9JtihJvzGOscDtHE3x1pBKeUOTysQ8kVmLnJ2kJu7yhcGA==",
      "dev": true,
      "license": "MIT",
      "engines": {
        "node": ">=12"
      },
      "funding": {
        "url": "https://github.com/sponsors/jonschlinkert"
      }
    },
    "node_modules/postgres-array": {
      "version": "2.0.0",
      "resolved": "https://registry.npmjs.org/postgres-array/-/postgres-array-2.0.0.tgz",
      "integrity": "sha512-VpZrUqU5A69eQyW2c5CA1jtLecCsN2U/bD6VilrFDWq5+5UIEVO7nazS3TEcHf1zuPYO/sqGvUvW62g86RXZuA==",
      "license": "MIT",
      "engines": {
        "node": ">=4"
      }
    },
    "node_modules/postgres-bytea": {
      "version": "1.0.1",
      "resolved": "https://registry.npmjs.org/postgres-bytea/-/postgres-bytea-1.0.1.tgz",
      "integrity": "sha512-5+5HqXnsZPE65IJZSMkZtURARZelel2oXUEO8rH83VS/hxH5vv1uHquPg5wZs8yMAfdv971IU+kcPUczi7NVBQ==",
      "license": "MIT",
      "engines": {
        "node": ">=0.10.0"
      }
    },
    "node_modules/postgres-date": {
      "version": "1.0.7",
      "resolved": "https://registry.npmjs.org/postgres-date/-/postgres-date-1.0.7.tgz",
      "integrity": "sha512-suDmjLVQg78nMK2UZ454hAG+OAW+HQPZ6n++TNDUX+L0+uUlLywnoxJKDou51Zm+zTCjrCl0Nq6J9C5hP9vK/Q==",
      "license": "MIT",
      "engines": {
        "node": ">=0.10.0"
      }
    },
    "node_modules/postgres-interval": {
      "version": "1.2.0",
      "resolved": "https://registry.npmjs.org/postgres-interval/-/postgres-interval-1.2.0.tgz",
      "integrity": "sha512-9ZhXKM/rw350N1ovuWHbGxnGh/SNJ4cnxHiM0rxE4VN41wsg8P8zWn9hv/buK00RP4WvlOyr/RBDiptyxVbkZQ==",
      "license": "MIT",
      "dependencies": {
        "xtend": "^4.0.0"
      },
      "engines": {
        "node": ">=0.10.0"
      }
    },
    "node_modules/prettier": {
      "version": "3.9.8",
      "resolved": "https://registry.npmjs.org/prettier/-/prettier-3.9.8.tgz",
      "integrity": "sha512-WRFq3Wn3WId7LLROfMLdH7xaFr2jR62wU8nLO6rQUOLOxNZUviyJQs1M0iIhLexSFy+L+w0ch66wtoO2jRjG0A==",
      "dev": true,
      "license": "MIT",
      "bin": {
        "prettier": "bin/prettier.cjs"
      },
      "engines": {
        "node": ">=14"
      },
      "funding": {
        "url": "https://github.com/prettier/prettier?sponsor=1"
      }
    },
    "node_modules/require-from-string": {
      "version": "2.0.2",
      "resolved": "https://registry.npmjs.org/require-from-string/-/require-from-string-2.0.2.tgz",
      "integrity": "sha512-Xf0nWe6RseziFMu+Ap9biiUbmplq6S9/p+7w7YXP/JBHhrUDDUhwa+vANyubuqfZWTveU//DYVGsDG7RKL/vEw==",
      "license": "MIT",
      "engines": {
        "node": ">=0.10.0"
      }
    },
    "node_modules/split2": {
      "version": "4.2.0",
      "resolved": "https://registry.npmjs.org/split2/-/split2-4.2.0.tgz",
      "integrity": "sha512-UcjcJOWknrNkF6PLX83qcHM6KHgVKNkV62Y8a5uYDVv9ydGQVwAHMKqHdJje1VTWpljG0WYpCDhrCdAOYH4TWg==",
      "license": "ISC",
      "engines": {
        "node": ">= 10.x"
      }
    },
    "node_modules/tinyglobby": {
      "version": "0.2.17",
      "resolved": "https://registry.npmjs.org/tinyglobby/-/tinyglobby-0.2.17.tgz",
      "integrity": "sha512-wXR/dYpcqKmfWpEdZjiKJOwCNFndD0DMnrW/cYjVGttEkBfVgcLFHoNrlj47mjOVic9yyNu65alsgF4NQyTa2g==",
      "dev": true,
      "license": "MIT",
      "dependencies": {
        "fdir": "^6.5.0",
        "picomatch": "^4.0.4"
      },
      "engines": {
        "node": ">=12.0.0"
      },
      "funding": {
        "url": "https://github.com/sponsors/SuperchupuDev"
      }
    },
    "node_modules/tsx": {
      "version": "4.23.13",
      "resolved": "https://registry.npmjs.org/tsx/-/tsx-4.23.13.tgz",
      "integrity": "sha512-BL5MGkRln6aDYhb0xbQlEAGw743BaZYWdbWtdJOBriYJboKgUUYCadFp2/FpBBZquBC/ezNBn7wMMPx7FDZUDw==",
      "dev": true,
      "license": "MIT",
      "dependencies": {
        "esbuild": "~0.28.0"
      },
      "bin": {
        "tsx": "dist/cli.mjs"
      },
      "engines": {
        "node": ">=18.0.0"
      },
      "optionalDependencies": {
        "fsevents": "~2.3.3"
      }
    },
    "node_modules/typescript": {
      "version": "5.9.3",
      "resolved": "https://registry.npmjs.org/typescript/-/typescript-5.9.3.tgz",
      "integrity": "sha512-jl1vZzPDinLr9eUt3J/t7V6FgNEw9QjvBPdysz9KfQDD41fQrC2Y4vKQdiaUpFT4bXlb1RHhLpp8wtm6M5TgSw==",
      "dev": true,
      "license": "Apache-2.0",
      "bin": {
        "tsc": "bin/tsc",
        "tsserver": "bin/tsserver"
      },
      "engines": {
        "node": ">=14.17"
      }
    },
    "node_modules/undici-types": {
      "version": "6.21.0",
      "resolved": "https://registry.npmjs.org/undici-types/-/undici-types-6.21.0.tgz",
      "integrity": "sha512-iwDZqg0QAGrg9Rav5H4n0M64c3mkR59cJ6wQp+7C4nI0gsmExaedaYLNO44eT4AtBBwjbTiGPMlt2Md0T9H9JQ==",
      "dev": true,
      "license": "MIT"
    },
    "node_modules/xtend": {
      "version": "4.0.2",
      "resolved": "https://registry.npmjs.org/xtend/-/xtend-4.0.2.tgz",
      "integrity": "sha512-LKYU1iAXJXUgAXn9URjiu+MWhyUXHsvfp7mcuYm9dSUKK0/CjtrUwFAxD82/mCWbtLsGjFIad0wIsod4zrTAEQ==",
      "license": "MIT",
      "engines": {
        "node": ">=0.4"
      }
    },
    "packages/action-contract-builder": {
      "name": "@soulverse/action-contract-builder",
      "version": "0.1.0",
      "dependencies": {
        "@soulverse/canonicalization": "0.2.0",
        "@soulverse/contracts": "0.2.0",
        "@soulverse/schema-validation": "0.2.0"
      }
    },
    "packages/approval-runtime": {
      "name": "@soulverse/approval-runtime",
      "version": "0.1.0",
      "dependencies": {
        "@soulverse/contracts": "0.2.0",
        "@soulverse/schema-validation": "0.2.0"
      }
    },
    "packages/canonicalization": {
      "name": "@soulverse/canonicalization",
      "version": "0.2.0",
      "dependencies": {
        "canonicalize": "5.1.0"
      }
    },
    "packages/control-service-client": {
      "name": "@soulverse/control-service-client",
      "version": "0.1.0",
      "dependencies": {
        "@soulverse/canonicalization": "0.2.0",
        "@soulverse/persistence-postgres": "0.1.0",
        "@soulverse/rev-adapter": "0.1.0",
        "@soulverse/schema-validation": "0.2.0",
        "@soulverse/trust-adapter": "0.1.0"
      }
    },
    "packages/contracts": {
      "name": "@soulverse/contracts",
      "version": "0.2.0"
    },
    "packages/control-decisions": {
      "name": "@soulverse/control-decisions",
      "version": "0.1.0",
      "dependencies": {
        "@soulverse/contracts": "0.2.0",
        "@soulverse/schema-validation": "0.2.0"
      }
    },
    "packages/control-path-runtime": {
      "name": "@soulverse/control-path-runtime",
      "version": "0.1.0",
      "dependencies": {
        "@soulverse/action-contract-builder": "0.1.0",
        "@soulverse/approval-runtime": "0.1.0",
        "@soulverse/control-decisions": "0.1.0",
        "@soulverse/execution-router": "0.1.0",
        "@soulverse/rev-adapter": "0.1.0",
        "@soulverse/runtime-assurance": "0.1.0",
        "@soulverse/sael-runtime": "0.1.0",
        "@soulverse/signing-gateway": "0.1.0",
        "@soulverse/trust-adapter": "0.1.0"
      }
    },
    "packages/counterparty-resolver": {
      "name": "@soulverse/counterparty-resolver",
      "version": "0.1.0",
      "dependencies": {
        "@soulverse/canonicalization": "0.2.0",
        "@soulverse/schema-validation": "0.2.0"
      }
    },
    "packages/dmcl": {
      "name": "@soulverse/dmcl",
      "version": "0.1.0"
    },
    "packages/evidence-client": {
      "name": "@soulverse/evidence-client",
      "version": "0.1.0"
    },
    "packages/evm-production-adapter": {
      "name": "@soulverse/evm-production-adapter",
      "version": "0.1.0",
      "dependencies": {
        "@soulverse/execution-router": "0.1.0",
        "@soulverse/persistence-postgres": "0.1.0"
      }
    },
    "packages/execution-router": {
      "name": "@soulverse/execution-router",
      "version": "0.1.0",
      "dependencies": {
        "@soulverse/contracts": "0.2.0",
        "@soulverse/schema-validation": "0.2.0"
      }
    },
    "packages/identifiers": {
      "name": "@soulverse/identifiers",
      "version": "0.1.0"
    },
    "packages/mandate-runtime": {
      "name": "@soulverse/mandate-runtime",
      "version": "0.1.0",
      "dependencies": {
        "@soulverse/contracts": "0.2.0",
        "@soulverse/dmcl": "0.1.0",
        "@soulverse/schema-validation": "0.2.0"
      }
    },
    "packages/persistence-postgres": {
      "name": "@soulverse/persistence-postgres",
      "version": "0.1.0",
      "dependencies": {
        "pg": "8.23.0"
      }
    },
    "packages/portable-key-client": {
      "name": "@soulverse/portable-key-client",
      "version": "0.1.0",
      "dependencies": {
        "@soulverse/control-service-client": "0.1.0",
        "@soulverse/schema-validation": "0.2.0",
        "@soulverse/signer-runtime": "0.1.0"
      }
    },
    "packages/policy-evaluator": {
      "name": "@soulverse/policy-evaluator",
      "version": "0.1.0"
    },
    "packages/release-evidence": {
      "name": "@soulverse/release-evidence",
      "version": "0.1.0",
      "dependencies": {
        "@soulverse/canonicalization": "0.2.0",
        "@soulverse/schema-validation": "0.2.0",
        "@soulverse/security-harness": "0.1.0"
      }
    },
    "packages/recovery-runtime": {
      "name": "@soulverse/recovery-runtime",
      "version": "0.1.0",
      "dependencies": {
        "@soulverse/contracts": "0.2.0",
        "@soulverse/schema-validation": "0.2.0"
      }
    },
    "packages/rev-adapter": {
      "name": "@soulverse/rev-adapter",
      "version": "0.1.0",
      "dependencies": {
        "@soulverse/contracts": "0.2.0",
        "@soulverse/schema-validation": "0.2.0",
        "@soulverse/trust-adapter": "0.1.0"
      }
    },
    "packages/runtime-assurance": {
      "name": "@soulverse/runtime-assurance",
      "version": "0.1.0",
      "dependencies": {
        "@soulverse/contracts": "0.2.0",
        "@soulverse/schema-validation": "0.2.0"
      }
    },
    "packages/sael-postgres": {
      "name": "@soulverse/sael-postgres",
      "version": "0.1.0",
      "dependencies": {
        "@soulverse/canonicalization": "0.2.0",
        "@soulverse/persistence-postgres": "0.1.0",
        "@soulverse/sael-runtime": "0.1.0",
        "@soulverse/schema-validation": "0.2.0"
      }
    },
    "packages/sael-runtime": {
      "name": "@soulverse/sael-runtime",
      "version": "0.1.0",
      "dependencies": {
        "@soulverse/canonicalization": "0.2.0",
        "@soulverse/schema-validation": "0.2.0"
      }
    },
    "packages/schema-validation": {
      "name": "@soulverse/schema-validation",
      "version": "0.2.0",
      "dependencies": {
        "@soulverse/contracts": "0.2.0",
        "ajv": "8.20.0",
        "ajv-formats": "3.0.1"
      }
    },
    "packages/security-harness": {
      "name": "@soulverse/security-harness",
      "version": "0.1.0"
    },
    "packages/sera-orchestrator-runtime": {
      "name": "@soulverse/sera-orchestrator-runtime",
      "version": "0.1.0",
      "dependencies": {
        "@soulverse/action-contract-builder": "0.1.0",
        "@soulverse/approval-runtime": "0.1.0",
        "@soulverse/canonicalization": "0.2.0",
        "@soulverse/control-decisions": "0.1.0",
        "@soulverse/persistence-postgres": "0.1.0",
        "@soulverse/rev-adapter": "0.1.0",
        "@soulverse/runtime-assurance": "0.1.0",
        "@soulverse/schema-validation": "0.2.0",
        "@soulverse/signing-gateway": "0.1.0",
        "@soulverse/trust-adapter": "0.1.0"
      }
    },
    "packages/service-host": {
      "name": "@soulverse/service-host",
      "version": "0.1.0"
    },
    "packages/signer-runtime": {
      "name": "@soulverse/signer-runtime",
      "version": "0.1.0",
      "dependencies": {
        "@soulverse/canonicalization": "0.2.0",
        "@soulverse/persistence-postgres": "0.1.0",
        "@soulverse/signing-gateway": "0.1.0"
      }
    },
    "packages/signing-gateway": {
      "name": "@soulverse/signing-gateway",
      "version": "0.1.0",
      "dependencies": {
        "@soulverse/approval-runtime": "0.1.0",
        "@soulverse/canonicalization": "0.2.0",
        "@soulverse/contracts": "0.2.0",
        "@soulverse/schema-validation": "0.2.0"
      }
    },
    "packages/trust-adapter": {
      "name": "@soulverse/trust-adapter",
      "version": "0.1.0",
      "dependencies": {
        "@soulverse/contracts": "0.2.0",
        "@soulverse/schema-validation": "0.2.0"
      }
    },
    "packages/typed-errors": {
      "name": "@soulverse/typed-errors",
      "version": "0.1.0"
    },
    "services/approval": {
      "name": "@soulverse/service-approval",
      "version": "0.2.0",
      "dependencies": {
        "@soulverse/approval-runtime": "0.1.0"
      }
    },
    "services/authority": {
      "name": "@soulverse/service-authority",
      "version": "0.2.0",
      "dependencies": {
        "@soulverse/control-decisions": "0.1.0"
      }
    },
    "services/context": {
      "name": "@soulverse/service-context",
      "version": "0.1.0"
    },
    "services/counterparty": {
      "name": "@soulverse/service-counterparty",
      "version": "0.2.0",
      "dependencies": {
        "@soulverse/counterparty-resolver": "0.1.0"
      }
    },
    "services/device": {
      "name": "@soulverse/service-device",
      "version": "0.2.0",
      "dependencies": {
        "@soulverse/runtime-assurance": "0.1.0"
      }
    },
    "services/execution": {
      "name": "@soulverse/service-execution",
      "version": "0.2.0",
      "dependencies": {
        "@soulverse/evm-production-adapter": "0.1.0",
        "@soulverse/execution-router": "0.1.0"
      }
    },
    "services/mandate": {
      "name": "@soulverse/service-mandate",
      "version": "0.2.0",
      "dependencies": {
        "@soulverse/mandate-runtime": "0.1.0"
      }
    },
    "services/orchestrator": {
      "name": "@soulverse/service-orchestrator",
      "version": "0.3.0",
      "dependencies": {
        "@soulverse/control-path-runtime": "0.1.0",
        "@soulverse/persistence-postgres": "0.1.0",
        "@soulverse/sera-orchestrator-runtime": "0.1.0"
      }
    },
    "services/policy": {
      "name": "@soulverse/service-policy",
      "version": "0.2.0",
      "dependencies": {
        "@soulverse/control-decisions": "0.1.0"
      }
    },
    "services/recovery": {
      "name": "@soulverse/service-recovery",
      "version": "0.2.0",
      "dependencies": {
        "@soulverse/recovery-runtime": "0.1.0"
      }
    },
    "services/rev": {
      "name": "@soulverse/service-rev",
      "version": "0.2.0",
      "dependencies": {
        "@soulverse/control-service-client": "0.1.0",
        "@soulverse/rev-adapter": "0.1.0"
      }
    },
    "services/risk": {
      "name": "@soulverse/service-risk",
      "version": "0.2.0",
      "dependencies": {
        "@soulverse/control-decisions": "0.1.0"
      }
    },
    "services/runtime": {
      "name": "@soulverse/service-runtime",
      "version": "0.2.0",
      "dependencies": {
        "@soulverse/runtime-assurance": "0.1.0"
      }
    },
    "services/sael": {
      "name": "@soulverse/service-sael",
      "version": "0.2.0",
      "dependencies": {
        "@soulverse/sael-postgres": "0.1.0",
        "@soulverse/sael-runtime": "0.1.0"
      }
    },
    "services/signing": {
      "name": "@soulverse/service-signing",
      "version": "0.2.0",
      "dependencies": {
        "@soulverse/signer-runtime": "0.1.0",
        "@soulverse/signing-gateway": "0.1.0"
      }
    },
    "services/trust": {
      "name": "@soulverse/service-trust",
      "version": "0.2.0",
      "dependencies": {
        "@soulverse/control-service-client": "0.1.0",
        "@soulverse/trust-adapter": "0.1.0"
      }
    }
  }
}
